
Microsoft Visual Studio Solution File, Format Version 12.00
# Visual Studio Version 16
VisualStudioVersion = 16.0.29324.140
MinimumVisualStudioVersion = 10.0.40219.1
Project("{FAE04EC0-301F-11D3-BF4B-00C04F79EFBC}") = "StoreInventorySystem", "StoreInventorySystem\StoreInventorySystem.csproj", "{4A6B27F4-B35E-4F10-9A7D-5FBB9F03D80F}"
EndProject
Global
	GlobalSection(SolutionConfigurationPlatforms) = preSolution
		Debug|Any CPU = Debug|Any CPU
		Release|Any CPU = Release|Any CPU
	EndGlobalSection
	GlobalSection(ProjectConfigurationPlatforms) = postSolution
		{4A6B27F4-B35E-4F10-9A7D-5FBB9F03D80F}.Debug|Any CPU.ActiveCfg = Debug|Any CPU
		{4A6B27F4-B35E-4F10-9A7D-5FBB9F03D80F}.Debug|Any CPU.Build.0 = Debug|Any CPU
		{4A6B27F4-B35E-4F10-9A7D-5FBB9F03D80F}.Release|Any CPU.ActiveCfg = Release|Any CPU
		{4A6B27F4-B35E-4F10-9A7D-5FBB9F03D80F}.Release|Any CPU.Build.0 = Release|Any CPU
	EndGlobalSection
	GlobalSection(SolutionProperties) = preSolution
		HideSolutionNode = FALSE
	EndGlobalSection
	GlobalSection(ExtensibilityGlobals) = postSolution
		SolutionGuid = {070A46ED-E5AA-46AD-8747-9FF6FA7E599A}
	EndGlobalSection
EndGlobal
